// !$*UTF8*$!
{
	archiveVersion = 1;
	classes = {
	};
	objectVersion = 77;
	objects = {

/* Begin PBXBuildFile section */
		36936A732EE7D1670049B7FF /* Assets.xcassets in Resources */ = {isa = PBXBuildFile; fileRef = 36936A6A2EE7D1670049B7FF /* Assets.xcassets */; };
		36936A752EE7D1670049B7FF /* LaunchScreen.storyboard in Resources */ = {isa = PBXBuildFile; fileRef = 36936A6F2EE7D1670049B7FF /* LaunchScreen.storyboard */; };
		36936A762EE7D1670049B7FF /* AppDelegate.swift in Sources */ = {isa = PBXBuildFile; fileRef = 36936A692EE7D1670049B7FF /* AppDelegate.swift */; };
		36936A772EE7D1670049B7FF /* FavoritesListVC.swift in Sources */ = {isa = PBXBuildFile; fileRef = 36936A6B2EE7D1670049B7FF /* FavoritesListVC.swift */; };
		36936A792EE7D1670049B7FF /* GFButton.swift in Sources */ = {isa = PBXBuildFile; fileRef = 36936A6D2EE7D1670049B7FF /* GFButton.swift */; };
		36936A7A2EE7D1670049B7FF /* SceneDelegate.swift in Sources */ = {isa = PBXBuildFile; fileRef = 36936A702EE7D1670049B7FF /* SceneDelegate.swift */; };
		36936A7B2EE7D1670049B7FF /* SearchVC.swift in Sources */ = {isa = PBXBuildFile; fileRef = 36936A712EE7D1670049B7FF /* SearchVC.swift */; };
		36936A832EE7D6CC0049B7FF /* GFTextField.swift in Sources */ = {isa = PBXBuildFile; fileRef = 36936A822EE7D6CC0049B7FF /* GFTextField.swift */; };
		36936A852EE7F88E0049B7FF /* FollowerListVC.swift in Sources */ = {isa = PBXBuildFile; fileRef = 36936A842EE7F88E0049B7FF /* FollowerListVC.swift */; };
		36936A872EE801820049B7FF /* GFTitleLabel.swift in Sources */ = {isa = PBXBuildFile; fileRef = 36936A862EE801820049B7FF /* GFTitleLabel.swift */; };
		36936A892EE803560049B7FF /* GFBodyLabel.swift in Sources */ = {isa = PBXBuildFile; fileRef = 36936A882EE803560049B7FF /* GFBodyLabel.swift */; };
		36936A8D2EE804210049B7FF /* GFAlertVC.swift in Sources */ = {isa = PBXBuildFile; fileRef = 36936A8C2EE804210049B7FF /* GFAlertVC.swift */; };
		36936A8F2EE80E0F0049B7FF /* UIViewController+Ext.swift in Sources */ = {isa = PBXBuildFile; fileRef = 36936A8E2EE80E0F0049B7FF /* UIViewController+Ext.swift */; };
		36936A962EE81AB10049B7FF /* Follower.swift in Sources */ = {isa = PBXBuildFile; fileRef = 36936A952EE81AB10049B7FF /* Follower.swift */; };
		36936A982EE81BC10049B7FF /* User.swift in Sources */ = {isa = PBXBuildFile; fileRef = 36936A972EE81BC10049B7FF /* User.swift */; };
		36936AF62EE826A80049B7FF /* NetworkManager.swift in Sources */ = {isa = PBXBuildFile; fileRef = 36936AF52EE826A80049B7FF /* NetworkManager.swift */; };
		36936AFC2EE83BDA0049B7FF /* FollowerCell.swift in Sources */ = {isa = PBXBuildFile; fileRef = 36936AFB2EE83BDA0049B7FF /* FollowerCell.swift */; };
		36936AFE2EE83C810049B7FF /* GFAvatarImageView.swift in Sources */ = {isa = PBXBuildFile; fileRef = 36936AFD2EE83C810049B7FF /* GFAvatarImageView.swift */; };
		36F16DE52EEA81A900AA020E /* UserInfoVC.swift in Sources */ = {isa = PBXBuildFile; fileRef = 36F16DE42EEA81A900AA020E /* UserInfoVC.swift */; };
		36F16DE72EEAA15A00AA020E /* GFError.swift in Sources */ = {isa = PBXBuildFile; fileRef = 36F16DE62EEAA15A00AA020E /* GFError.swift */; };
		36F599332EE92E0000102697 /* UIHelper.swift in Sources */ = {isa = PBXBuildFile; fileRef = 36F599322EE92E0000102697 /* UIHelper.swift */; };
		36F599362EE9716900102697 /* GFEmptyStateView.swift in Sources */ = {isa = PBXBuildFile; fileRef = 36F599352EE9716900102697 /* GFEmptyStateView.swift */; };
/* End PBXBuildFile section */

/* Begin PBXContainerItemProxy section */
		368C5B922EDD76A800C3D38C /* PBXContainerItemProxy */ = {
			isa = PBXContainerItemProxy;
			containerPortal = 368C5B732EDD76A500C3D38C /* Project object */;
			proxyType = 1;
			remoteGlobalIDString = 368C5B7A2EDD76A500C3D38C;
			remoteInfo = "iOS-Native-Training";
		};
		368C5B9C2EDD76A800C3D38C /* PBXContainerItemProxy */ = {
			isa = PBXContainerItemProxy;
			containerPortal = 368C5B732EDD76A500C3D38C /* Project object */;
			proxyType = 1;
			remoteGlobalIDString = 368C5B7A2EDD76A500C3D38C;
			remoteInfo = "iOS-Native-Training";
		};
/* End PBXContainerItemProxy section */

/* Begin PBXFileReference section */
		368C5B7B2EDD76A500C3D38C /* iOS-Native-Training.app */ = {isa = PBXFileReference; explicitFileType = wrapper.application; includeInIndex = 0; path = "iOS-Native-Training.app"; sourceTree = BUILT_PRODUCTS_DIR; };
		368C5B912EDD76A800C3D38C /* iOS-Native-TrainingTests.xctest */ = {isa = PBXFileReference; explicitFileType = wrapper.cfbundle; includeInIndex = 0; path = "iOS-Native-TrainingTests.xctest"; sourceTree = BUILT_PRODUCTS_DIR; };
		368C5B9B2EDD76A800C3D38C /* iOS-Native-TrainingUITests.xctest */ = {isa = PBXFileReference; explicitFileType = wrapper.cfbundle; includeInIndex = 0; path = "iOS-Native-TrainingUITests.xctest"; sourceTree = BUILT_PRODUCTS_DIR; };
		36936A692EE7D1670049B7FF /* AppDelegate.swift */ = {isa = PBXFileReference; lastKnownFileType = sourcecode.swift; path = AppDelegate.swift; sourceTree = "<group>"; };
		36936A6A2EE7D1670049B7FF /* Assets.xcassets */ = {isa = PBXFileReference; lastKnownFileType = folder.assetcatalog; path = Assets.xcassets; sourceTree = "<group>"; };
		36936A6B2EE7D1670049B7FF /* FavoritesListVC.swift */ = {isa = PBXFileReference; lastKnownFileType = sourcecode.swift; path = FavoritesListVC.swift; sourceTree = "<group>"; };
		36936A6D2EE7D1670049B7FF /* GFButton.swift */ = {isa = PBXFileReference; lastKnownFileType = sourcecode.swift; path = GFButton.swift; sourceTree = "<group>"; };
		36936A702EE7D1670049B7FF /* SceneDelegate.swift */ = {isa = PBXFileReference; lastKnownFileType = sourcecode.swift; path = SceneDelegate.swift; sourceTree = "<group>"; };
		36936A712EE7D1670049B7FF /* SearchVC.swift */ = {isa = PBXFileReference; lastKnownFileType = sourcecode.swift; path = SearchVC.swift; sourceTree = "<group>"; };
		36936A722EE7D1670049B7FF /* Base */ = {isa = PBXFileReference; lastKnownFileType = file.storyboard; name = Base; path = Base.lproj/LaunchScreen.storyboard; sourceTree = "<group>"; };
		36936A822EE7D6CC0049B7FF /* GFTextField.swift */ = {isa = PBXFileReference; lastKnownFileType = sourcecode.swift; path = GFTextField.swift; sourceTree = "<group>"; };
		36936A842EE7F88E0049B7FF /* FollowerListVC.swift */ = {isa = PBXFileReference; lastKnownFileType = sourcecode.swift; path = FollowerListVC.swift; sourceTree = "<group>"; };
		36936A862EE801820049B7FF /* GFTitleLabel.swift */ = {isa = PBXFileReference; lastKnownFileType = sourcecode.swift; path = GFTitleLabel.swift; sourceTree = "<group>"; };
		36936A882EE803560049B7FF /* GFBodyLabel.swift */ = {isa = PBXFileReference; lastKnownFileType = sourcecode.swift; path = GFBodyLabel.swift; sourceTree = "<group>"; };
		36936A8C2EE804210049B7FF /* GFAlertVC.swift */ = {isa = PBXFileReference; lastKnownFileType = sourcecode.swift; path = GFAlertVC.swift; sourceTree = "<group>"; };
		36936A8E2EE80E0F0049B7FF /* UIViewController+Ext.swift */ = {isa = PBXFileReference; lastKnownFileType = sourcecode.swift; path = "UIViewController+Ext.swift"; sourceTree = "<group>"; };
		36936A952EE81AB10049B7FF /* Follower.swift */ = {isa = PBXFileReference; lastKnownFileType = sourcecode.swift; path = Follower.swift; sourceTree = "<group>"; };
		36936A972EE81BC10049B7FF /* User.swift */ = {isa = PBXFileReference; lastKnownFileType = sourcecode.swift; path = User.swift; sourceTree = "<group>"; };
		36936AB22EE820390049B7FF /* Info.plist */ = {isa = PBXFileReference; lastKnownFileType = text.plist.xml; path = Info.plist; sourceTree = "<group>"; };
		36936AF52EE826A80049B7FF /* NetworkManager.swift */ = {isa = PBXFileReference; lastKnownFileType = sourcecode.swift; path = NetworkManager.swift; sourceTree = "<group>"; };
		36936AFB2EE83BDA0049B7FF /* FollowerCell.swift */ = {isa = PBXFileReference; lastKnownFileType = sourcecode.swift; path = FollowerCell.swift; sourceTree = "<group>"; };
		36936AFD2EE83C810049B7FF /* GFAvatarImageView.swift */ = {isa = PBXFileReference; lastKnownFileType = sourcecode.swift; path = GFAvatarImageView.swift; sourceTree = "<group>"; };
		36F16DE42EEA81A900AA020E /* UserInfoVC.swift */ = {isa = PBXFileReference; lastKnownFileType = sourcecode.swift; path = UserInfoVC.swift; sourceTree = "<group>"; };
		36F16DE62EEAA15A00AA020E /* GFError.swift */ = {isa = PBXFileReference; lastKnownFileType = sourcecode.swift; path = GFError.swift; sourceTree = "<group>"; };
		36F599322EE92E0000102697 /* UIHelper.swift */ = {isa = PBXFileReference; lastKnownFileType = sourcecode.swift; path = UIHelper.swift; sourceTree = "<group>"; };
		36F599352EE9716900102697 /* GFEmptyStateView.swift */ = {isa = PBXFileReference; lastKnownFileType = sourcecode.swift; path = GFEmptyStateView.swift; sourceTree = "<group>"; };
/* End PBXFileReference section */

/* Begin PBXFileSystemSynchronizedBuildFileExceptionSet section */
		36936AF22EE821BB0049B7FF /* Exceptions for "iOS-Native-Training" folder in "iOS-Native-Training" target */ = {
			isa = PBXFileSystemSynchronizedBuildFileExceptionSet;
			membershipExceptions = (
				Info.plist,
			);
			target = 368C5B7A2EDD76A500C3D38C /* iOS-Native-Training */;
		};
/* End PBXFileSystemSynchronizedBuildFileExceptionSet section */

/* Begin PBXFileSystemSynchronizedRootGroup section */
		368C5B7D2EDD76A500C3D38C /* iOS-Native-Training */ = {
			isa = PBXFileSystemSynchronizedRootGroup;
			exceptions = (
				36936AF22EE821BB0049B7FF /* Exceptions for "iOS-Native-Training" folder in "iOS-Native-Training" target */,
			);
			path = "iOS-Native-Training";
			sourceTree = "<group>";
		};
		368C5B942EDD76A800C3D38C /* iOS-Native-TrainingTests */ = {
			isa = PBXFileSystemSynchronizedRootGroup;
			path = "iOS-Native-TrainingTests";
			sourceTree = "<group>";
		};
		368C5B9E2EDD76A800C3D38C /* iOS-Native-TrainingUITests */ = {
			isa = PBXFileSystemSynchronizedRootGroup;
			path = "iOS-Native-TrainingUITests";
			sourceTree = "<group>";
		};
		368C5BAF2EDD76C300C3D38C /* TrainingPlaygrounds */ = {
			isa = PBXFileSystemSynchronizedRootGroup;
			path = TrainingPlaygrounds;
			sourceTree = "<group>";
		};
/* End PBXFileSystemSynchronizedRootGroup section */

/* Begin PBXFrameworksBuildPhase section */
		368C5B782EDD76A500C3D38C /* Frameworks */ = {
			isa = PBXFrameworksBuildPhase;
			buildActionMask = 2147483647;
			files = (
			);
			runOnlyForDeploymentPostprocessing = 0;
		};
		368C5B8E2EDD76A800C3D38C /* Frameworks */ = {
			isa = PBXFrameworksBuildPhase;
			buildActionMask = 2147483647;
			files = (
			);
			runOnlyForDeploymentPostprocessing = 0;
		};
		368C5B982EDD76A800C3D38C /* Frameworks */ = {
			isa = PBXFrameworksBuildPhase;
			buildActionMask = 2147483647;
			files = (
			);
			runOnlyForDeploymentPostprocessing = 0;
		};
/* End PBXFrameworksBuildPhase section */

/* Begin PBXGroup section */
		368C5B722EDD76A500C3D38C = {
			isa = PBXGroup;
			children = (
				36936AF72EE836930049B7FF /* Utilities */,
				36936AF42EE8268E0049B7FF /* Managers */,
				36936A942EE81A850049B7FF /* Model */,
				36936A932EE812BB0049B7FF /* Support */,
				36936A922EE812460049B7FF /* Extensions */,
				36936A912EE811F10049B7FF /* Custom Views */,
				36936A902EE8119D0049B7FF /* Screens */,
				368C5BAF2EDD76C300C3D38C /* TrainingPlaygrounds */,
				368C5B7D2EDD76A500C3D38C /* iOS-Native-Training */,
				368C5B942EDD76A800C3D38C /* iOS-Native-TrainingTests */,
				368C5B9E2EDD76A800C3D38C /* iOS-Native-TrainingUITests */,
				368C5B7C2EDD76A500C3D38C /* Products */,
				36936AB22EE820390049B7FF /* Info.plist */,
			);
			sourceTree = "<group>";
		};
		368C5B7C2EDD76A500C3D38C /* Products */ = {
			isa = PBXGroup;
			children = (
				368C5B7B2EDD76A500C3D38C /* iOS-Native-Training.app */,
				368C5B912EDD76A800C3D38C /* iOS-Native-TrainingTests.xctest */,
				368C5B9B2EDD76A800C3D38C /* iOS-Native-TrainingUITests.xctest */,
			);
			name = Products;
			sourceTree = "<group>";
		};
		36936A902EE8119D0049B7FF /* Screens */ = {
			isa = PBXGroup;
			children = (
				36936A712EE7D1670049B7FF /* SearchVC.swift */,
				36936A6B2EE7D1670049B7FF /* FavoritesListVC.swift */,
				36936A842EE7F88E0049B7FF /* FollowerListVC.swift */,
				36F16DE42EEA81A900AA020E /* UserInfoVC.swift */,
			);
			path = Screens;
			sourceTree = "<group>";
		};
		36936A912EE811F10049B7FF /* Custom Views */ = {
			isa = PBXGroup;
			children = (
				36F599342EE9715300102697 /* Views */,
				36936AFA2EE83BA00049B7FF /* Cells */,
				36936A6D2EE7D1670049B7FF /* GFButton.swift */,
				36936A822EE7D6CC0049B7FF /* GFTextField.swift */,
				36936A862EE801820049B7FF /* GFTitleLabel.swift */,
				36936A882EE803560049B7FF /* GFBodyLabel.swift */,
				36936A8C2EE804210049B7FF /* GFAlertVC.swift */,
				36936AFD2EE83C810049B7FF /* GFAvatarImageView.swift */,
			);
			path = "Custom Views";
			sourceTree = "<group>";
		};
		36936A922EE812460049B7FF /* Extensions */ = {
			isa = PBXGroup;
			children = (
				36936A8E2EE80E0F0049B7FF /* UIViewController+Ext.swift */,
			);
			path = Extensions;
			sourceTree = "<group>";
		};
		36936A932EE812BB0049B7FF /* Support */ = {
			isa = PBXGroup;
			children = (
				36936A692EE7D1670049B7FF /* AppDelegate.swift */,
				36936A6A2EE7D1670049B7FF /* Assets.xcassets */,
				36936A6F2EE7D1670049B7FF /* LaunchScreen.storyboard */,
				36936A702EE7D1670049B7FF /* SceneDelegate.swift */,
			);
			path = Support;
			sourceTree = "<group>";
		};
		36936A942EE81A850049B7FF /* Model */ = {
			isa = PBXGroup;
			children = (
				36936A952EE81AB10049B7FF /* Follower.swift */,
				36936A972EE81BC10049B7FF /* User.swift */,
			);
			path = Model;
			sourceTree = "<group>";
		};
		36936AF42EE8268E0049B7FF /* Managers */ = {
			isa = PBXGroup;
			children = (
				36936AF52EE826A80049B7FF /* NetworkManager.swift */,
			);
			path = Managers;
			sourceTree = "<group>";
		};
		36936AF72EE836930049B7FF /* Utilities */ = {
			isa = PBXGroup;
			children = (
				36F599322EE92E0000102697 /* UIHelper.swift */,
				36F16DE62EEAA15A00AA020E /* GFError.swift */,
			);
			path = Utilities;
			sourceTree = "<group>";
		};
		36936AFA2EE83BA00049B7FF /* Cells */ = {
			isa = PBXGroup;
			children = (
				36936AFB2EE83BDA0049B7FF /* FollowerCell.swift */,
			);
			path = Cells;
			sourceTree = "<group>";
		};
		36F599342EE9715300102697 /* Views */ = {
			isa = PBXGroup;
			children = (
				36F599352EE9716900102697 /* GFEmptyStateView.swift */,
			);
			path = Views;
			sourceTree = "<group>";
		};
/* End PBXGroup section */

/* Begin PBXNativeTarget section */
		368C5B7A2EDD76A500C3D38C /* iOS-Native-Training */ = {
			isa = PBXNativeTarget;
			buildConfigurationList = 368C5BA42EDD76A800C3D38C /* Build configuration list for PBXNativeTarget "iOS-Native-Training" */;
			buildPhases = (
				368C5B772EDD76A500C3D38C /* Sources */,
				368C5B782EDD76A500C3D38C /* Frameworks */,
				368C5B792EDD76A500C3D38C /* Resources */,
			);
			buildRules = (
			);
			dependencies = (
			);
			fileSystemSynchronizedGroups = (
				368C5B7D2EDD76A500C3D38C /* iOS-Native-Training */,
				368C5BAF2EDD76C300C3D38C /* TrainingPlaygrounds */,
			);
			name = "iOS-Native-Training";
			packageProductDependencies = (
			);
			productName = "iOS-Native-Training";
			productReference = 368C5B7B2EDD76A500C3D38C /* iOS-Native-Training.app */;
			productType = "com.apple.product-type.application";
		};
		368C5B902EDD76A800C3D38C /* iOS-Native-TrainingTests */ = {
			isa = PBXNativeTarget;
			buildConfigurationList = 368C5BA92EDD76A800C3D38C /* Build configuration list for PBXNativeTarget "iOS-Native-TrainingTests" */;
			buildPhases = (
				368C5B8D2EDD76A800C3D38C /* Sources */,
				368C5B8E2EDD76A800C3D38C /* Frameworks */,
				368C5B8F2EDD76A800C3D38C /* Resources */,
			);
			buildRules = (
			);
			dependencies = (
				368C5B932EDD76A800C3D38C /* PBXTargetDependency */,
			);
			fileSystemSynchronizedGroups = (
				368C5B942EDD76A800C3D38C /* iOS-Native-TrainingTests */,
			);
			name = "iOS-Native-TrainingTests";
			packageProductDependencies = (
			);
			productName = "iOS-Native-TrainingTests";
			productReference = 368C5B912EDD76A800C3D38C /* iOS-Native-TrainingTests.xctest */;
			productType = "com.apple.product-type.bundle.unit-test";
		};
		368C5B9A2EDD76A800C3D38C /* iOS-Native-TrainingUITests */ = {
			isa = PBXNativeTarget;
			buildConfigurationList = 368C5BAC2EDD76A800C3D38C /* Build configuration list for PBXNativeTarget "iOS-Native-TrainingUITests" */;
			buildPhases = (
				368C5B972EDD76A800C3D38C /* Sources */,
				368C5B982EDD76A800C3D38C /* Frameworks */,
				368C5B992EDD76A800C3D38C /* Resources */,
			);
			buildRules = (
			);
			dependencies = (
				368C5B9D2EDD76A800C3D38C /* PBXTargetDependency */,
			);
			fileSystemSynchronizedGroups = (
				368C5B9E2EDD76A800C3D38C /* iOS-Native-TrainingUITests */,
			);
			name = "iOS-Native-TrainingUITests";
			packageProductDependencies = (
			);
			productName = "iOS-Native-TrainingUITests";
			productReference = 368C5B9B2EDD76A800C3D38C /* iOS-Native-TrainingUITests.xctest */;
			productType = "com.apple.product-type.bundle.ui-testing";
		};
/* End PBXNativeTarget section */

/* Begin PBXProject section */
		368C5B732EDD76A500C3D38C /* Project object */ = {
			isa = PBXProject;
			attributes = {
				BuildIndependentTargetsInParallel = 1;
				LastSwiftUpdateCheck = 1620;
				LastUpgradeCheck = 1620;
				TargetAttributes = {
					368C5B7A2EDD76A500C3D38C = {
						CreatedOnToolsVersion = 16.2;
					};
					368C5B902EDD76A800C3D38C = {
						CreatedOnToolsVersion = 16.2;
						TestTargetID = 368C5B7A2EDD76A500C3D38C;
					};
					368C5B9A2EDD76A800C3D38C = {
						CreatedOnToolsVersion = 16.2;
						TestTargetID = 368C5B7A2EDD76A500C3D38C;
					};
				};
			};
			buildConfigurationList = 368C5B762EDD76A500C3D38C /* Build configuration list for PBXProject "iOS-Native-Training" */;
			developmentRegion = en;
			hasScannedForEncodings = 0;
			knownRegions = (
				en,
				Base,
			);
			mainGroup = 368C5B722EDD76A500C3D38C;
			minimizedProjectReferenceProxies = 1;
			preferredProjectObjectVersion = 77;
			productRefGroup = 368C5B7C2EDD76A500C3D38C /* Products */;
			projectDirPath = "";
			projectRoot = "";
			targets = (
				368C5B7A2EDD76A500C3D38C /* iOS-Native-Training */,
				368C5B902EDD76A800C3D38C /* iOS-Native-TrainingTests */,
				368C5B9A2EDD76A800C3D38C /* iOS-Native-TrainingUITests */,
			);
		};
/* End PBXProject section */

/* Begin PBXResourcesBuildPhase section */
		368C5B792EDD76A500C3D38C /* Resources */ = {
			isa = PBXResourcesBuildPhase;
			buildActionMask = 2147483647;
			files = (
				36936A732EE7D1670049B7FF /* Assets.xcassets in Resources */,
				36936A752EE7D1670049B7FF /* LaunchScreen.storyboard in Resources */,
			);
			runOnlyForDeploymentPostprocessing = 0;
		};
		368C5B8F2EDD76A800C3D38C /* Resources */ = {
			isa = PBXResourcesBuildPhase;
			buildActionMask = 2147483647;
			files = (
			);
			runOnlyForDeploymentPostprocessing = 0;
		};
		368C5B992EDD76A800C3D38C /* Resources */ = {
			isa = PBXResourcesBuildPhase;
			buildActionMask = 2147483647;
			files = (
			);
			runOnlyForDeploymentPostprocessing = 0;
		};
/* End PBXResourcesBuildPhase section */

/* Begin PBXSourcesBuildPhase section */
		368C5B772EDD76A500C3D38C /* Sources */ = {
			isa = PBXSourcesBuildPhase;
			buildActionMask = 2147483647;
			files = (
				36936A982EE81BC10049B7FF /* User.swift in Sources */,
				36936A762EE7D1670049B7FF /* AppDelegate.swift in Sources */,
				36936A772EE7D1670049B7FF /* FavoritesListVC.swift in Sources */,
				36936A8F2EE80E0F0049B7FF /* UIViewController+Ext.swift in Sources */,
				36936A792EE7D1670049B7FF /* GFButton.swift in Sources */,
				36F599332EE92E0000102697 /* UIHelper.swift in Sources */,
				36936AFE2EE83C810049B7FF /* GFAvatarImageView.swift in Sources */,
				36936A7A2EE7D1670049B7FF /* SceneDelegate.swift in Sources */,
				36936A8D2EE804210049B7FF /* GFAlertVC.swift in Sources */,
				36936AFC2EE83BDA0049B7FF /* FollowerCell.swift in Sources */,
				36936A7B2EE7D1670049B7FF /* SearchVC.swift in Sources */,
				36F16DE72EEAA15A00AA020E /* GFError.swift in Sources */,
				36936A962EE81AB10049B7FF /* Follower.swift in Sources */,
				36936A872EE801820049B7FF /* GFTitleLabel.swift in Sources */,
				36F599362EE9716900102697 /* GFEmptyStateView.swift in Sources */,
				36936AF62EE826A80049B7FF /* NetworkManager.swift in Sources */,
				36936A852EE7F88E0049B7FF /* FollowerListVC.swift in Sources */,
				36936A832EE7D6CC0049B7FF /* GFTextField.swift in Sources */,
				36936A892EE803560049B7FF /* GFBodyLabel.swift in Sources */,
				36F16DE52EEA81A900AA020E /* UserInfoVC.swift in Sources */,
			);
			runOnlyForDeploymentPostprocessing = 0;
		};
		368C5B8D2EDD76A800C3D38C /* Sources */ = {
			isa = PBXSourcesBuildPhase;
			buildActionMask = 2147483647;
			files = (
			);
			runOnlyForDeploymentPostprocessing = 0;
		};
		368C5B972EDD76A800C3D38C /* Sources */ = {
			isa = PBXSourcesBuildPhase;
			buildActionMask = 2147483647;
			files = (
			);
			runOnlyForDeploymentPostprocessing = 0;
		};
/* End PBXSourcesBuildPhase section */

/* Begin PBXTargetDependency section */
		368C5B932EDD76A800C3D38C /* PBXTargetDependency */ = {
			isa = PBXTargetDependency;
			target = 368C5B7A2EDD76A500C3D38C /* iOS-Native-Training */;
			targetProxy = 368C5B922EDD76A800C3D38C /* PBXContainerItemProxy */;
		};
		368C5B9D2EDD76A800C3D38C /* PBXTargetDependency */ = {
			isa = PBXTargetDependency;
			target = 368C5B7A2EDD76A500C3D38C /* iOS-Native-Training */;
			targetProxy = 368C5B9C2EDD76A800C3D38C /* PBXContainerItemProxy */;
		};
/* End PBXTargetDependency section */

/* Begin PBXVariantGroup section */
		36936A6F2EE7D1670049B7FF /* LaunchScreen.storyboard */ = {
			isa = PBXVariantGroup;
			children = (
				36936A722EE7D1670049B7FF /* Base */,
			);
			name = LaunchScreen.storyboard;
			sourceTree = "<group>";
		};
/* End PBXVariantGroup section */

/* Begin XCBuildConfiguration section */
		368C5BA52EDD76A800C3D38C /* Debug */ = {
			isa = XCBuildConfiguration;
			buildSettings = {
				ASSETCATALOG_COMPILER_APPICON_NAME = AppIcon;
				ASSETCATALOG_COMPILER_GLOBAL_ACCENT_COLOR_NAME = AccentColor;
				CODE_SIGN_STYLE = Automatic;
				CURRENT_PROJECT_VERSION = 1;
				GENERATE_INFOPLIST_FILE = YES;
				INFOPLIST_FILE = "iOS-Native-Training/Info.plist";
				INFOPLIST_KEY_UIApplicationSupportsIndirectInputEvents = YES;
				INFOPLIST_KEY_UILaunchStoryboardName = LaunchScreen;
				INFOPLIST_KEY_UISupportedInterfaceOrientations = UIInterfaceOrientationPortrait;
				INFOPLIST_KEY_UISupportedInterfaceOrientations_iPad = "UIInterfaceOrientationLandscapeLeft UIInterfaceOrientationLandscapeRight UIInterfaceOrientationPortrait UIInterfaceOrientationPortraitUpsideDown";
				LD_RUNPATH_SEARCH_PATHS = (
					"$(inherited)",
					"@executable_path/Frameworks",
				);
				MARKETING_VERSION = 1.0;
				PRODUCT_BUNDLE_IDENTIFIER = "com.minly.iOS-Native-Training";
				PRODUCT_NAME = "$(TARGET_NAME)";
				SUPPORTED_PLATFORMS = "iphoneos iphonesimulator";
				SUPPORTS_MACCATALYST = NO;
				SUPPORTS_MAC_DESIGNED_FOR_IPHONE_IPAD = NO;
				SUPPORTS_XR_DESIGNED_FOR_IPHONE_IPAD = NO;
				SWIFT_EMIT_LOC_STRINGS = YES;
				SWIFT_VERSION = 5.0;
				TARGETED_DEVICE_FAMILY = 1;
			};
			name = Debug;
		};
		368C5BA62EDD76A800C3D38C /* Release */ = {
			isa = XCBuildConfiguration;
			buildSettings = {
				ASSETCATALOG_COMPILER_APPICON_NAME = AppIcon;
				ASSETCATALOG_COMPILER_GLOBAL_ACCENT_COLOR_NAME = AccentColor;
				CODE_SIGN_STYLE = Automatic;
				CURRENT_PROJECT_VERSION = 1;
				GENERATE_INFOPLIST_FILE = YES;
				INFOPLIST_FILE = "iOS-Native-Training/Info.plist";
				INFOPLIST_KEY_UIApplicationSupportsIndirectInputEvents = YES;
				INFOPLIST_KEY_UILaunchStoryboardName = LaunchScreen;
				INFOPLIST_KEY_UISupportedInterfaceOrientations = UIInterfaceOrientationPortrait;
				INFOPLIST_KEY_UISupportedInterfaceOrientations_iPad = "UIInterfaceOrientationLandscapeLeft UIInterfaceOrientationLandscapeRight UIInterfaceOrientationPortrait UIInterfaceOrientationPortraitUpsideDown";
				LD_RUNPATH_SEARCH_PATHS = (
					"$(inherited)",
					"@executable_path/Frameworks",
				);
				MARKETING_VERSION = 1.0;
				PRODUCT_BUNDLE_IDENTIFIER = "com.minly.iOS-Native-Training";
				PRODUCT_NAME = "$(TARGET_NAME)";
				SUPPORTED_PLATFORMS = "iphoneos iphonesimulator";
				SUPPORTS_MACCATALYST = NO;
				SUPPORTS_MAC_DESIGNED_FOR_IPHONE_IPAD = NO;
				SUPPORTS_XR_DESIGNED_FOR_IPHONE_IPAD = NO;
				SWIFT_EMIT_LOC_STRINGS = YES;
				SWIFT_VERSION = 5.0;
				TARGETED_DEVICE_FAMILY = 1;
			};
			name = Release;
		};
		368C5BA72EDD76A800C3D38C /* Debug */ = {
			isa = XCBuildConfiguration;
			buildSettings = {
				ALWAYS_SEARCH_USER_PATHS = NO;
				ASSETCATALOG_COMPILER_GENERATE_SWIFT_ASSET_SYMBOL_EXTENSIONS = YES;
				CLANG_ANALYZER_NONNULL = YES;
				CLANG_ANALYZER_NUMBER_OBJECT_CONVERSION = YES_AGGRESSIVE;
				CLANG_CXX_LANGUAGE_STANDARD = "gnu++20";
				CLANG_ENABLE_MODULES = YES;
				CLANG_ENABLE_OBJC_ARC = YES;
				CLANG_ENABLE_OBJC_WEAK = YES;
				CLANG_WARN_BLOCK_CAPTURE_AUTORELEASING = YES;
				CLANG_WARN_BOOL_CONVERSION = YES;
				CLANG_WARN_COMMA = YES;
				CLANG_WARN_CONSTANT_CONVERSION = YES;
				CLANG_WARN_DEPRECATED_OBJC_IMPLEMENTATIONS = YES;
				CLANG_WARN_DIRECT_OBJC_ISA_USAGE = YES_ERROR;
				CLANG_WARN_DOCUMENTATION_COMMENTS = YES;
				CLANG_WARN_EMPTY_BODY = YES;
				CLANG_WARN_ENUM_CONVERSION = YES;
				CLANG_WARN_INFINITE_RECURSION = YES;
				CLANG_WARN_INT_CONVERSION = YES;
				CLANG_WARN_NON_LITERAL_NULL_CONVERSION = YES;
				CLANG_WARN_OBJC_IMPLICIT_RETAIN_SELF = YES;
				CLANG_WARN_OBJC_LITERAL_CONVERSION = YES;
				CLANG_WARN_OBJC_ROOT_CLASS = YES_ERROR;
				CLANG_WARN_QUOTED_INCLUDE_IN_FRAMEWORK_HEADER = YES;
				CLANG_WARN_RANGE_LOOP_ANALYSIS = YES;
				CLANG_WARN_STRICT_PROTOTYPES = YES;
				CLANG_WARN_SUSPICIOUS_MOVE = YES;
				CLANG_WARN_UNGUARDED_AVAILABILITY = YES_AGGRESSIVE;
				CLANG_WARN_UNREACHABLE_CODE = YES;
				CLANG_WARN__DUPLICATE_METHOD_MATCH = YES;
				COPY_PHASE_STRIP = NO;
				DEBUG_INFORMATION_FORMAT = dwarf;
				ENABLE_STRICT_OBJC_MSGSEND = YES;
				ENABLE_TESTABILITY = YES;
				ENABLE_USER_SCRIPT_SANDBOXING = YES;
				GCC_C_LANGUAGE_STANDARD = gnu17;
				GCC_DYNAMIC_NO_PIC = NO;
				GCC_NO_COMMON_BLOCKS = YES;
				GCC_OPTIMIZATION_LEVEL = 0;
				GCC_PREPROCESSOR_DEFINITIONS = (
					"DEBUG=1",
					"$(inherited)",
				);
				GCC_WARN_64_TO_32_BIT_CONVERSION = YES;
				GCC_WARN_ABOUT_RETURN_TYPE = YES_ERROR;
				GCC_WARN_UNDECLARED_SELECTOR = YES;
				GCC_WARN_UNINITIALIZED_AUTOS = YES_AGGRESSIVE;
				GCC_WARN_UNUSED_FUNCTION = YES;
				GCC_WARN_UNUSED_VARIABLE = YES;
				IPHONEOS_DEPLOYMENT_TARGET = 18.2;
				LOCALIZATION_PREFERS_STRING_CATALOGS = YES;
				MTL_ENABLE_DEBUG_INFO = INCLUDE_SOURCE;
				MTL_FAST_MATH = YES;
				ONLY_ACTIVE_ARCH = YES;
				SDKROOT = iphoneos;
				SWIFT_ACTIVE_COMPILATION_CONDITIONS = "DEBUG $(inherited)";
				SWIFT_OPTIMIZATION_LEVEL = "-Onone";
			};
			name = Debug;
		};
		368C5BA82EDD76A800C3D38C /* Release */ = {
			isa = XCBuildConfiguration;
			buildSettings = {
				ALWAYS_SEARCH_USER_PATHS = NO;
				ASSETCATALOG_COMPILER_GENERATE_SWIFT_ASSET_SYMBOL_EXTENSIONS = YES;
				CLANG_ANALYZER_NONNULL = YES;
				CLANG_ANALYZER_NUMBER_OBJECT_CONVERSION = YES_AGGRESSIVE;
				CLANG_CXX_LANGUAGE_STANDARD = "gnu++20";
				CLANG_ENABLE_MODULES = YES;
				CLANG_ENABLE_OBJC_ARC = YES;
				CLANG_ENABLE_OBJC_WEAK = YES;
				CLANG_WARN_BLOCK_CAPTURE_AUTORELEASING = YES;
				CLANG_WARN_BOOL_CONVERSION = YES;
				CLANG_WARN_COMMA = YES;
				CLANG_WARN_CONSTANT_CONVERSION = YES;
				CLANG_WARN_DEPRECATED_OBJC_IMPLEMENTATIONS = YES;
				CLANG_WARN_DIRECT_OBJC_ISA_USAGE = YES_ERROR;
				CLANG_WARN_DOCUMENTATION_COMMENTS = YES;
				CLANG_WARN_EMPTY_BODY = YES;
				CLANG_WARN_ENUM_CONVERSION = YES;
				CLANG_WARN_INFINITE_RECURSION = YES;
				CLANG_WARN_INT_CONVERSION = YES;
				CLANG_WARN_NON_LITERAL_NULL_CONVERSION = YES;
				CLANG_WARN_OBJC_IMPLICIT_RETAIN_SELF = YES;
				CLANG_WARN_OBJC_LITERAL_CONVERSION = YES;
				CLANG_WARN_OBJC_ROOT_CLASS = YES_ERROR;
				CLANG_WARN_QUOTED_INCLUDE_IN_FRAMEWORK_HEADER = YES;
				CLANG_WARN_RANGE_LOOP_ANALYSIS = YES;
				CLANG_WARN_STRICT_PROTOTYPES = YES;
				CLANG_WARN_SUSPICIOUS_MOVE = YES;
				CLANG_WARN_UNGUARDED_AVAILABILITY = YES_AGGRESSIVE;
				CLANG_WARN_UNREACHABLE_CODE = YES;
				CLANG_WARN__DUPLICATE_METHOD_MATCH = YES;
				COPY_PHASE_STRIP = NO;
				DEBUG_INFORMATION_FORMAT = "dwarf-with-dsym";
				ENABLE_NS_ASSERTIONS = NO;
				ENABLE_STRICT_OBJC_MSGSEND = YES;
				ENABLE_USER_SCRIPT_SANDBOXING = YES;
				GCC_C_LANGUAGE_STANDARD = gnu17;
				GCC_NO_COMMON_BLOCKS = YES;
				GCC_WARN_64_TO_32_BIT_CONVERSION = YES;
				GCC_WARN_ABOUT_RETURN_TYPE = YES_ERROR;
				GCC_WARN_UNDECLARED_SELECTOR = YES;
				GCC_WARN_UNINITIALIZED_AUTOS = YES_AGGRESSIVE;
				GCC_WARN_UNUSED_FUNCTION = YES;
				GCC_WARN_UNUSED_VARIABLE = YES;
				IPHONEOS_DEPLOYMENT_TARGET = 18.2;
				LOCALIZATION_PREFERS_STRING_CATALOGS = YES;
				MTL_ENABLE_DEBUG_INFO = NO;
				MTL_FAST_MATH = YES;
				SDKROOT = iphoneos;
				SWIFT_COMPILATION_MODE = wholemodule;
				VALIDATE_PRODUCT = YES;
			};
			name = Release;
		};
		368C5BAA2EDD76A800C3D38C /* Debug */ = {
			isa = XCBuildConfiguration;
			buildSettings = {
				BUNDLE_LOADER = "$(TEST_HOST)";
				CODE_SIGN_STYLE = Automatic;
				CURRENT_PROJECT_VERSION = 1;
				GENERATE_INFOPLIST_FILE = YES;
				IPHONEOS_DEPLOYMENT_TARGET = 18.2;
				MARKETING_VERSION = 1.0;
				PRODUCT_BUNDLE_IDENTIFIER = "com.minly.iOS-Native-TrainingTests";
				PRODUCT_NAME = "$(TARGET_NAME)";
				SWIFT_EMIT_LOC_STRINGS = NO;
				SWIFT_VERSION = 5.0;
				TARGETED_DEVICE_FAMILY = "1,2";
				TEST_HOST = "$(BUILT_PRODUCTS_DIR)/iOS-Native-Training.app/$(BUNDLE_EXECUTABLE_FOLDER_PATH)/iOS-Native-Training";
			};
			name = Debug;
		};
		368C5BAB2EDD76A800C3D38C /* Release */ = {
			isa = XCBuildConfiguration;
			buildSettings = {
				BUNDLE_LOADER = "$(TEST_HOST)";
				CODE_SIGN_STYLE = Automatic;
				CURRENT_PROJECT_VERSION = 1;
				GENERATE_INFOPLIST_FILE = YES;
				IPHONEOS_DEPLOYMENT_TARGET = 18.2;
				MARKETING_VERSION = 1.0;
				PRODUCT_BUNDLE_IDENTIFIER = "com.minly.iOS-Native-TrainingTests";
				PRODUCT_NAME = "$(TARGET_NAME)";
				SWIFT_EMIT_LOC_STRINGS = NO;
				SWIFT_VERSION = 5.0;
				TARGETED_DEVICE_FAMILY = "1,2";
				TEST_HOST = "$(BUILT_PRODUCTS_DIR)/iOS-Native-Training.app/$(BUNDLE_EXECUTABLE_FOLDER_PATH)/iOS-Native-Training";
			};
			name = Release;
		};
		368C5BAD2EDD76A800C3D38C /* Debug */ = {
			isa = XCBuildConfiguration;
			buildSettings = {
				CODE_SIGN_STYLE = Automatic;
				CURRENT_PROJECT_VERSION = 1;
				GENERATE_INFOPLIST_FILE = YES;
				MARKETING_VERSION = 1.0;
				PRODUCT_BUNDLE_IDENTIFIER = "com.minly.iOS-Native-TrainingUITests";
				PRODUCT_NAME = "$(TARGET_NAME)";
				SWIFT_EMIT_LOC_STRINGS = NO;
				SWIFT_VERSION = 5.0;
				TARGETED_DEVICE_FAMILY = "1,2";
				TEST_TARGET_NAME = "iOS-Native-Training";
			};
			name = Debug;
		};
		368C5BAE2EDD76A800C3D38C /* Release */ = {
			isa = XCBuildConfiguration;
			buildSettings = {
				CODE_SIGN_STYLE = Automatic;
				CURRENT_PROJECT_VERSION = 1;
				GENERATE_INFOPLIST_FILE = YES;
				MARKETING_VERSION = 1.0;
				PRODUCT_BUNDLE_IDENTIFIER = "com.minly.iOS-Native-TrainingUITests";
				PRODUCT_NAME = "$(TARGET_NAME)";
				SWIFT_EMIT_LOC_STRINGS = NO;
				SWIFT_VERSION = 5.0;
				TARGETED_DEVICE_FAMILY = "1,2";
				TEST_TARGET_NAME = "iOS-Native-Training";
			};
			name = Release;
		};
/* End XCBuildConfiguration section */

/* Begin XCConfigurationList section */
		368C5B762EDD76A500C3D38C /* Build configuration list for PBXProject "iOS-Native-Training" */ = {
			isa = XCConfigurationList;
			buildConfigurations = (
				368C5BA72EDD76A800C3D38C /* Debug */,
				368C5BA82EDD76A800C3D38C /* Release */,
			);
			defaultConfigurationIsVisible = 0;
			defaultConfigurationName = Release;
		};
		368C5BA42EDD76A800C3D38C /* Build configuration list for PBXNativeTarget "iOS-Native-Training" */ = {
			isa = XCConfigurationList;
			buildConfigurations = (
				368C5BA52EDD76A800C3D38C /* Debug */,
				368C5BA62EDD76A800C3D38C /* Release */,
			);
			defaultConfigurationIsVisible = 0;
			defaultConfigurationName = Release;
		};
		368C5BA92EDD76A800C3D38C /* Build configuration list for PBXNativeTarget "iOS-Native-TrainingTests" */ = {
			isa = XCConfigurationList;
			buildConfigurations = (
				368C5BAA2EDD76A800C3D38C /* Debug */,
				368C5BAB2EDD76A800C3D38C /* Release */,
			);
			defaultConfigurationIsVisible = 0;
			defaultConfigurationName = Release;
		};
		368C5BAC2EDD76A800C3D38C /* Build configuration list for PBXNativeTarget "iOS-Native-TrainingUITests" */ = {
			isa = XCConfigurationList;
			buildConfigurations = (
				368C5BAD2EDD76A800C3D38C /* Debug */,
				368C5BAE2EDD76A800C3D38C /* Release */,
			);
			defaultConfigurationIsVisible = 0;
			defaultConfigurationName = Release;
		};
/* End XCConfigurationList section */
	};
	rootObject = 368C5B732EDD76A500C3D38C /* Project object */;
}
